// !$*UTF8*$!
{
	archiveVersion = 1;
	classes = {
	};
	objectVersion = 55;
	objects = {

/* Begin PBXBuildFile section */
		FA518A9E28C537A300E46163 /* RegisterCoordinator.swift in Sources */ = {isa = PBXBuildFile; fileRef = FA518A9D28C537A300E46163 /* RegisterCoordinator.swift */; };
		FA518AA028C53D4300E46163 /* SplashCoordinator.swift in Sources */ = {isa = PBXBuildFile; fileRef = FA518A9F28C53D4300E46163 /* SplashCoordinator.swift */; };
		FA518AA228C540C600E46163 /* FormTF.swift in Sources */ = {isa = PBXBuildFile; fileRef = FA518AA128C540C600E46163 /* FormTF.swift */; };
		FA518AA528C5476000E46163 /* DashboardCoordinator.swift in Sources */ = {isa = PBXBuildFile; fileRef = FA518AA428C5476000E46163 /* DashboardCoordinator.swift */; };
		FA518AAC28C548B500E46163 /* ForgotPasswordViewController.swift in Sources */ = {isa = PBXBuildFile; fileRef = FA518AAA28C548B500E46163 /* ForgotPasswordViewController.swift */; };
		FA518AAD28C548B500E46163 /* ForgotPasswordViewController.xib in Resources */ = {isa = PBXBuildFile; fileRef = FA518AAB28C548B500E46163 /* ForgotPasswordViewController.xib */; };
		FA518AAF28C548C500E46163 /* ForgotPasswordVM.swift in Sources */ = {isa = PBXBuildFile; fileRef = FA518AAE28C548C500E46163 /* ForgotPasswordVM.swift */; };
		FA518AB128C548D100E46163 /* ForgotPasswordCoordinator.swift in Sources */ = {isa = PBXBuildFile; fileRef = FA518AB028C548D100E46163 /* ForgotPasswordCoordinator.swift */; };
		FA6FA68928C3CDED00B693A7 /* AppDelegate.swift in Sources */ = {isa = PBXBuildFile; fileRef = FA6FA68828C3CDED00B693A7 /* AppDelegate.swift */; };
		FA6FA68B28C3CDED00B693A7 /* SceneDelegate.swift in Sources */ = {isa = PBXBuildFile; fileRef = FA6FA68A28C3CDED00B693A7 /* SceneDelegate.swift */; };
		FA6FA69228C3CDEF00B693A7 /* Assets.xcassets in Resources */ = {isa = PBXBuildFile; fileRef = FA6FA69128C3CDEF00B693A7 /* Assets.xcassets */; };
		FA6FA69528C3CDEF00B693A7 /* LaunchScreen.storyboard in Resources */ = {isa = PBXBuildFile; fileRef = FA6FA69328C3CDEF00B693A7 /* LaunchScreen.storyboard */; };
		FA6FA6A328C3CF0A00B693A7 /* SplashViewController.swift in Sources */ = {isa = PBXBuildFile; fileRef = FA6FA6A128C3CF0A00B693A7 /* SplashViewController.swift */; };
		FA6FA6A428C3CF0A00B693A7 /* SplashViewController.xib in Resources */ = {isa = PBXBuildFile; fileRef = FA6FA6A228C3CF0A00B693A7 /* SplashViewController.xib */; };
		FA6FA6A828C3E69700B693A7 /* Coordinator.swift in Sources */ = {isa = PBXBuildFile; fileRef = FA6FA6A728C3E69700B693A7 /* Coordinator.swift */; };
		FA6FA6AD28C3E92C00B693A7 /* DashboardViewController.swift in Sources */ = {isa = PBXBuildFile; fileRef = FA6FA6AB28C3E92C00B693A7 /* DashboardViewController.swift */; };
		FA6FA6AE28C3E92C00B693A7 /* DashboardViewController.xib in Resources */ = {isa = PBXBuildFile; fileRef = FA6FA6AC28C3E92C00B693A7 /* DashboardViewController.xib */; };
		FA6FA6B728C3E96F00B693A7 /* LoginViewController.swift in Sources */ = {isa = PBXBuildFile; fileRef = FA6FA6B528C3E96F00B693A7 /* LoginViewController.swift */; };
		FA6FA6B828C3E96F00B693A7 /* LoginViewController.xib in Resources */ = {isa = PBXBuildFile; fileRef = FA6FA6B628C3E96F00B693A7 /* LoginViewController.xib */; };
		FA6FA6BB28C3E97900B693A7 /* RegisterViewController.swift in Sources */ = {isa = PBXBuildFile; fileRef = FA6FA6B928C3E97900B693A7 /* RegisterViewController.swift */; };
		FA6FA6BC28C3E97900B693A7 /* RegisterViewController.xib in Resources */ = {isa = PBXBuildFile; fileRef = FA6FA6BA28C3E97900B693A7 /* RegisterViewController.xib */; };
		FA6FA6C028C3E98D00B693A7 /* SettingsViewController.swift in Sources */ = {isa = PBXBuildFile; fileRef = FA6FA6BE28C3E98D00B693A7 /* SettingsViewController.swift */; };
		FA6FA6C128C3E98D00B693A7 /* SettingsViewController.xib in Resources */ = {isa = PBXBuildFile; fileRef = FA6FA6BF28C3E98D00B693A7 /* SettingsViewController.xib */; };
		FA6FA6C528C3E99D00B693A7 /* ProfileViewController.swift in Sources */ = {isa = PBXBuildFile; fileRef = FA6FA6C328C3E99D00B693A7 /* ProfileViewController.swift */; };
		FA6FA6C628C3E99D00B693A7 /* ProfileViewController.xib in Resources */ = {isa = PBXBuildFile; fileRef = FA6FA6C428C3E99D00B693A7 /* ProfileViewController.xib */; };
		FA6FA6CA28C3E9E500B693A7 /* DashboardVM.swift in Sources */ = {isa = PBXBuildFile; fileRef = FA6FA6C928C3E9E500B693A7 /* DashboardVM.swift */; };
		FA6FA6CD28C3E9F400B693A7 /* RegisterVM.swift in Sources */ = {isa = PBXBuildFile; fileRef = FA6FA6CC28C3E9F400B693A7 /* RegisterVM.swift */; };
		FA6FA6D028C3EA0000B693A7 /* LoginVM.swift in Sources */ = {isa = PBXBuildFile; fileRef = FA6FA6CF28C3EA0000B693A7 /* LoginVM.swift */; };
		FA6FA6D328C3EA1300B693A7 /* SettingsVM.swift in Sources */ = {isa = PBXBuildFile; fileRef = FA6FA6D228C3EA1300B693A7 /* SettingsVM.swift */; };
		FA6FA6D528C3EA1B00B693A7 /* ProfileVM.swift in Sources */ = {isa = PBXBuildFile; fileRef = FA6FA6D428C3EA1B00B693A7 /* ProfileVM.swift */; };
		FAA18DFA28C3EEB80065C70B /* LogoImageiew.swift in Sources */ = {isa = PBXBuildFile; fileRef = FAA18DF928C3EEB80065C70B /* LogoImageiew.swift */; };
		FAA18DFC28C3F2F70065C70B /* CoenerButton.swift in Sources */ = {isa = PBXBuildFile; fileRef = FAA18DFB28C3F2F70065C70B /* CoenerButton.swift */; };
		FAA18DFF28C3F4620065C70B /* SplashVM.swift in Sources */ = {isa = PBXBuildFile; fileRef = FAA18DFE28C3F4620065C70B /* SplashVM.swift */; };
		FAA18E0228C3F6A40065C70B /* ViewModels.swift in Sources */ = {isa = PBXBuildFile; fileRef = FAA18E0128C3F6A40065C70B /* ViewModels.swift */; };
		FAA18E0528C3FE020065C70B /* MainCoordinator.swift in Sources */ = {isa = PBXBuildFile; fileRef = FAA18E0428C3FE020065C70B /* MainCoordinator.swift */; };
		FAA18E0828C4137D0065C70B /* LoginCoordinator.swift in Sources */ = {isa = PBXBuildFile; fileRef = FAA18E0728C4137D0065C70B /* LoginCoordinator.swift */; };
/* End PBXBuildFile section */

/* Begin PBXFileReference section */
		FA518A9D28C537A300E46163 /* RegisterCoordinator.swift */ = {isa = PBXFileReference; lastKnownFileType = sourcecode.swift; path = RegisterCoordinator.swift; sourceTree = "<group>"; };
		FA518A9F28C53D4300E46163 /* SplashCoordinator.swift */ = {isa = PBXFileReference; lastKnownFileType = sourcecode.swift; path = SplashCoordinator.swift; sourceTree = "<group>"; };
		FA518AA128C540C600E46163 /* FormTF.swift */ = {isa = PBXFileReference; lastKnownFileType = sourcecode.swift; path = FormTF.swift; sourceTree = "<group>"; };
		FA518AA428C5476000E46163 /* DashboardCoordinator.swift */ = {isa = PBXFileReference; lastKnownFileType = sourcecode.swift; path = DashboardCoordinator.swift; sourceTree = "<group>"; };
		FA518AAA28C548B500E46163 /* ForgotPasswordViewController.swift */ = {isa = PBXFileReference; lastKnownFileType = sourcecode.swift; path = ForgotPasswordViewController.swift; sourceTree = "<group>"; };
		FA518AAB28C548B500E46163 /* ForgotPasswordViewController.xib */ = {isa = PBXFileReference; lastKnownFileType = file.xib; path = ForgotPasswordViewController.xib; sourceTree = "<group>"; };
		FA518AAE28C548C500E46163 /* ForgotPasswordVM.swift */ = {isa = PBXFileReference; lastKnownFileType = sourcecode.swift; path = ForgotPasswordVM.swift; sourceTree = "<group>"; };
		FA518AB028C548D100E46163 /* ForgotPasswordCoordinator.swift */ = {isa = PBXFileReference; lastKnownFileType = sourcecode.swift; path = ForgotPasswordCoordinator.swift; sourceTree = "<group>"; };
		FA6FA68528C3CDED00B693A7 /* ConcurrentDownload.app */ = {isa = PBXFileReference; explicitFileType = wrapper.application; includeInIndex = 0; path = ConcurrentDownload.app; sourceTree = BUILT_PRODUCTS_DIR; };
		FA6FA68828C3CDED00B693A7 /* AppDelegate.swift */ = {isa = PBXFileReference; lastKnownFileType = sourcecode.swift; path = AppDelegate.swift; sourceTree = "<group>"; };
		FA6FA68A28C3CDED00B693A7 /* SceneDelegate.swift */ = {isa = PBXFileReference; lastKnownFileType = sourcecode.swift; path = SceneDelegate.swift; sourceTree = "<group>"; };
		FA6FA69128C3CDEF00B693A7 /* Assets.xcassets */ = {isa = PBXFileReference; lastKnownFileType = folder.assetcatalog; path = Assets.xcassets; sourceTree = "<group>"; };
		FA6FA69428C3CDEF00B693A7 /* Base */ = {isa = PBXFileReference; lastKnownFileType = file.storyboard; name = Base; path = Base.lproj/LaunchScreen.storyboard; sourceTree = "<group>"; };
		FA6FA69628C3CDEF00B693A7 /* Info.plist */ = {isa = PBXFileReference; lastKnownFileType = text.plist.xml; path = Info.plist; sourceTree = "<group>"; };
		FA6FA6A128C3CF0A00B693A7 /* SplashViewController.swift */ = {isa = PBXFileReference; lastKnownFileType = sourcecode.swift; path = SplashViewController.swift; sourceTree = "<group>"; };
		FA6FA6A228C3CF0A00B693A7 /* SplashViewController.xib */ = {isa = PBXFileReference; lastKnownFileType = file.xib; path = SplashViewController.xib; sourceTree = "<group>"; };
		FA6FA6A728C3E69700B693A7 /* Coordinator.swift */ = {isa = PBXFileReference; lastKnownFileType = sourcecode.swift; path = Coordinator.swift; sourceTree = "<group>"; };
		FA6FA6AB28C3E92C00B693A7 /* DashboardViewController.swift */ = {isa = PBXFileReference; lastKnownFileType = sourcecode.swift; path = DashboardViewController.swift; sourceTree = "<group>"; };
		FA6FA6AC28C3E92C00B693A7 /* DashboardViewController.xib */ = {isa = PBXFileReference; lastKnownFileType = file.xib; path = DashboardViewController.xib; sourceTree = "<group>"; };
		FA6FA6B528C3E96F00B693A7 /* LoginViewController.swift */ = {isa = PBXFileReference; lastKnownFileType = sourcecode.swift; path = LoginViewController.swift; sourceTree = "<group>"; };
		FA6FA6B628C3E96F00B693A7 /* LoginViewController.xib */ = {isa = PBXFileReference; lastKnownFileType = file.xib; path = LoginViewController.xib; sourceTree = "<group>"; };
		FA6FA6B928C3E97900B693A7 /* RegisterViewController.swift */ = {isa = PBXFileReference; lastKnownFileType = sourcecode.swift; path = RegisterViewController.swift; sourceTree = "<group>"; };
		FA6FA6BA28C3E97900B693A7 /* RegisterViewController.xib */ = {isa = PBXFileReference; lastKnownFileType = file.xib; path = RegisterViewController.xib; sourceTree = "<group>"; };
		FA6FA6BE28C3E98D00B693A7 /* SettingsViewController.swift */ = {isa = PBXFileReference; lastKnownFileType = sourcecode.swift; path = SettingsViewController.swift; sourceTree = "<group>"; };
		FA6FA6BF28C3E98D00B693A7 /* SettingsViewController.xib */ = {isa = PBXFileReference; lastKnownFileType = file.xib; path = SettingsViewController.xib; sourceTree = "<group>"; };
		FA6FA6C328C3E99D00B693A7 /* ProfileViewController.swift */ = {isa = PBXFileReference; lastKnownFileType = sourcecode.swift; path = ProfileViewController.swift; sourceTree = "<group>"; };
		FA6FA6C428C3E99D00B693A7 /* ProfileViewController.xib */ = {isa = PBXFileReference; lastKnownFileType = file.xib; path = ProfileViewController.xib; sourceTree = "<group>"; };
		FA6FA6C928C3E9E500B693A7 /* DashboardVM.swift */ = {isa = PBXFileReference; lastKnownFileType = sourcecode.swift; path = DashboardVM.swift; sourceTree = "<group>"; };
		FA6FA6CC28C3E9F400B693A7 /* RegisterVM.swift */ = {isa = PBXFileReference; lastKnownFileType = sourcecode.swift; path = RegisterVM.swift; sourceTree = "<group>"; };
		FA6FA6CF28C3EA0000B693A7 /* LoginVM.swift */ = {isa = PBXFileReference; lastKnownFileType = sourcecode.swift; path = LoginVM.swift; sourceTree = "<group>"; };
		FA6FA6D228C3EA1300B693A7 /* SettingsVM.swift */ = {isa = PBXFileReference; lastKnownFileType = sourcecode.swift; path = SettingsVM.swift; sourceTree = "<group>"; };
		FA6FA6D428C3EA1B00B693A7 /* ProfileVM.swift */ = {isa = PBXFileReference; lastKnownFileType = sourcecode.swift; path = ProfileVM.swift; sourceTree = "<group>"; };
		FAA18DF928C3EEB80065C70B /* LogoImageiew.swift */ = {isa = PBXFileReference; lastKnownFileType = sourcecode.swift; path = LogoImageiew.swift; sourceTree = "<group>"; };
		FAA18DFB28C3F2F70065C70B /* CoenerButton.swift */ = {isa = PBXFileReference; lastKnownFileType = sourcecode.swift; path = CoenerButton.swift; sourceTree = "<group>"; };
		FAA18DFE28C3F4620065C70B /* SplashVM.swift */ = {isa = PBXFileReference; lastKnownFileType = sourcecode.swift; path = SplashVM.swift; sourceTree = "<group>"; };
		FAA18E0128C3F6A40065C70B /* ViewModels.swift */ = {isa = PBXFileReference; lastKnownFileType = sourcecode.swift; path = ViewModels.swift; sourceTree = "<group>"; };
		FAA18E0428C3FE020065C70B /* MainCoordinator.swift */ = {isa = PBXFileReference; lastKnownFileType = sourcecode.swift; path = MainCoordinator.swift; sourceTree = "<group>"; };
		FAA18E0728C4137D0065C70B /* LoginCoordinator.swift */ = {isa = PBXFileReference; lastKnownFileType = sourcecode.swift; path = LoginCoordinator.swift; sourceTree = "<group>"; };
/* End PBXFileReference section */

/* Begin PBXFrameworksBuildPhase section */
		FA6FA68228C3CDED00B693A7 /* Frameworks */ = {
			isa = PBXFrameworksBuildPhase;
			buildActionMask = 2147483647;
			files = (
			);
			runOnlyForDeploymentPostprocessing = 0;
		};
/* End PBXFrameworksBuildPhase section */

/* Begin PBXGroup section */
		FA518A9C28C5379200E46163 /* Coordinator */ = {
			isa = PBXGroup;
			children = (
				FA518A9D28C537A300E46163 /* RegisterCoordinator.swift */,
			);
			path = Coordinator;
			sourceTree = "<group>";
		};
		FA518AA328C5474E00E46163 /* Coordinator */ = {
			isa = PBXGroup;
			children = (
				FA518AA428C5476000E46163 /* DashboardCoordinator.swift */,
			);
			path = Coordinator;
			sourceTree = "<group>";
		};
		FA518AA628C5486900E46163 /* ForgotPassword */ = {
			isa = PBXGroup;
			children = (
				FA518AA928C5488000E46163 /* Coordinator */,
				FA518AA828C5487800E46163 /* ViewModel */,
				FA518AA728C5487300E46163 /* View */,
			);
			path = ForgotPassword;
			sourceTree = "<group>";
		};
		FA518AA728C5487300E46163 /* View */ = {
			isa = PBXGroup;
			children = (
				FA518AAA28C548B500E46163 /* ForgotPasswordViewController.swift */,
				FA518AAB28C548B500E46163 /* ForgotPasswordViewController.xib */,
			);
			path = View;
			sourceTree = "<group>";
		};
		FA518AA828C5487800E46163 /* ViewModel */ = {
			isa = PBXGroup;
			children = (
				FA518AAE28C548C500E46163 /* ForgotPasswordVM.swift */,
			);
			path = ViewModel;
			sourceTree = "<group>";
		};
		FA518AA928C5488000E46163 /* Coordinator */ = {
			isa = PBXGroup;
			children = (
				FA518AB028C548D100E46163 /* ForgotPasswordCoordinator.swift */,
			);
			path = Coordinator;
			sourceTree = "<group>";
		};
		FA6FA67C28C3CDED00B693A7 = {
			isa = PBXGroup;
			children = (
				FA6FA68728C3CDED00B693A7 /* ConcurrentDownload */,
				FA6FA68628C3CDED00B693A7 /* Products */,
			);
			sourceTree = "<group>";
		};
		FA6FA68628C3CDED00B693A7 /* Products */ = {
			isa = PBXGroup;
			children = (
				FA6FA68528C3CDED00B693A7 /* ConcurrentDownload.app */,
			);
			name = Products;
			sourceTree = "<group>";
		};
		FA6FA68728C3CDED00B693A7 /* ConcurrentDownload */ = {
			isa = PBXGroup;
			children = (
				FAA18E0028C3F6950065C70B /* ViewModel */,
				FAA18DF828C3EE6D0065C70B /* ExtendedKIT */,
				FA6FA6A628C3E67300B693A7 /* Coordinator */,
				FA6FA69F28C3CE3D00B693A7 /* Utility */,
				FA6FA69E28C3CE3400B693A7 /* Features */,
				FA6FA69D28C3CE2200B693A7 /* Resource */,
				FA6FA69C28C3CE0200B693A7 /* Start */,
				FA6FA69628C3CDEF00B693A7 /* Info.plist */,
			);
			path = ConcurrentDownload;
			sourceTree = "<group>";
		};
		FA6FA69C28C3CE0200B693A7 /* Start */ = {
			isa = PBXGroup;
			children = (
				FA6FA68828C3CDED00B693A7 /* AppDelegate.swift */,
				FA6FA68A28C3CDED00B693A7 /* SceneDelegate.swift */,
			);
			path = Start;
			sourceTree = "<group>";
		};
		FA6FA69D28C3CE2200B693A7 /* Resource */ = {
			isa = PBXGroup;
			children = (
				FA6FA69128C3CDEF00B693A7 /* Assets.xcassets */,
				FA6FA69328C3CDEF00B693A7 /* LaunchScreen.storyboard */,
			);
			path = Resource;
			sourceTree = "<group>";
		};
		FA6FA69E28C3CE3400B693A7 /* Features */ = {
			isa = PBXGroup;
			children = (
				FA518AA628C5486900E46163 /* ForgotPassword */,
				FA6FA6B228C3E95600B693A7 /* Profile */,
				FA6FA6B128C3E94E00B693A7 /* Settings */,
				FA6FA6B028C3E94900B693A7 /* Login */,
				FA6FA6AF28C3E94200B693A7 /* Register */,
				FA6FA6A928C3E90A00B693A7 /* Dashboard */,
				FA6FA6A028C3CE8800B693A7 /* Splash */,
			);
			path = Features;
			sourceTree = "<group>";
		};
		FA6FA69F28C3CE3D00B693A7 /* Utility */ = {
			isa = PBXGroup;
			children = (
			);
			path = Utility;
			sourceTree = "<group>";
		};
		FA6FA6A028C3CE8800B693A7 /* Splash */ = {
			isa = PBXGroup;
			children = (
				FAA18E0328C3FDEB0065C70B /* Coordinator */,
				FAA18DFD28C3F44E0065C70B /* SplashVM */,
				FA6FA6A528C3CF0F00B693A7 /* View */,
			);
			path = Splash;
			sourceTree = "<group>";
		};
		FA6FA6A528C3CF0F00B693A7 /* View */ = {
			isa = PBXGroup;
			children = (
				FA6FA6A128C3CF0A00B693A7 /* SplashViewController.swift */,
				FA6FA6A228C3CF0A00B693A7 /* SplashViewController.xib */,
			);
			path = View;
			sourceTree = "<group>";
		};
		FA6FA6A628C3E67300B693A7 /* Coordinator */ = {
			isa = PBXGroup;
			children = (
				FAA18E0428C3FE020065C70B /* MainCoordinator.swift */,
				FA6FA6A728C3E69700B693A7 /* Coordinator.swift */,
			);
			path = Coordinator;
			sourceTree = "<group>";
		};
		FA6FA6A928C3E90A00B693A7 /* Dashboard */ = {
			isa = PBXGroup;
			children = (
				FA518AA328C5474E00E46163 /* Coordinator */,
				FA6FA6C828C3E9D700B693A7 /* ViewModel */,
				FA6FA6AA28C3E91D00B693A7 /* View */,
			);
			path = Dashboard;
			sourceTree = "<group>";
		};
		FA6FA6AA28C3E91D00B693A7 /* View */ = {
			isa = PBXGroup;
			children = (
				FA6FA6AB28C3E92C00B693A7 /* DashboardViewController.swift */,
				FA6FA6AC28C3E92C00B693A7 /* DashboardViewController.xib */,
			);
			path = View;
			sourceTree = "<group>";
		};
		FA6FA6AF28C3E94200B693A7 /* Register */ = {
			isa = PBXGroup;
			children = (
				FA518A9C28C5379200E46163 /* Coordinator */,
				FA6FA6CB28C3E9EA00B693A7 /* ViewModel */,
				FA6FA6B328C3E95D00B693A7 /* View */,
			);
			path = Register;
			sourceTree = "<group>";
		};
		FA6FA6B028C3E94900B693A7 /* Login */ = {
			isa = PBXGroup;
			children = (
				FAA18E0628C4136F0065C70B /* Coordinator */,
				FA6FA6CE28C3E9F800B693A7 /* ViewModel */,
				FA6FA6B428C3E96200B693A7 /* View */,
			);
			path = Login;
			sourceTree = "<group>";
		};
		FA6FA6B128C3E94E00B693A7 /* Settings */ = {
			isa = PBXGroup;
			children = (
				FA6FA6D128C3EA0600B693A7 /* ViewModel */,
				FA6FA6BD28C3E97E00B693A7 /* View */,
			);
			path = Settings;
			sourceTree = "<group>";
		};
		FA6FA6B228C3E95600B693A7 /* Profile */ = {
			isa = PBXGroup;
			children = (
				FA6FA6C728C3E9C500B693A7 /* ViewModel */,
				FA6FA6C228C3E99400B693A7 /* Profile */,
			);
			path = Profile;
			sourceTree = "<group>";
		};
		FA6FA6B328C3E95D00B693A7 /* View */ = {
			isa = PBXGroup;
			children = (
				FA6FA6B928C3E97900B693A7 /* RegisterViewController.swift */,
				FA6FA6BA28C3E97900B693A7 /* RegisterViewController.xib */,
			);
			path = View;
			sourceTree = "<group>";
		};
		FA6FA6B428C3E96200B693A7 /* View */ = {
			isa = PBXGroup;
			children = (
				FA6FA6B528C3E96F00B693A7 /* LoginViewController.swift */,
				FA6FA6B628C3E96F00B693A7 /* LoginViewController.xib */,
			);
			path = View;
			sourceTree = "<group>";
		};
		FA6FA6BD28C3E97E00B693A7 /* View */ = {
			isa = PBXGroup;
			children = (
				FA6FA6BE28C3E98D00B693A7 /* SettingsViewController.swift */,
				FA6FA6BF28C3E98D00B693A7 /* SettingsViewController.xib */,
			);
			path = View;
			sourceTree = "<group>";
		};
		FA6FA6C228C3E99400B693A7 /* Profile */ = {
			isa = PBXGroup;
			children = (
				FA6FA6C328C3E99D00B693A7 /* ProfileViewController.swift */,
				FA6FA6C428C3E99D00B693A7 /* ProfileViewController.xib */,
			);
			path = Profile;
			sourceTree = "<group>";
		};
		FA6FA6C728C3E9C500B693A7 /* ViewModel */ = {
			isa = PBXGroup;
			children = (
				FA6FA6D428C3EA1B00B693A7 /* ProfileVM.swift */,
			);
			path = ViewModel;
			sourceTree = "<group>";
		};
		FA6FA6C828C3E9D700B693A7 /* ViewModel */ = {
			isa = PBXGroup;
			children = (
				FA6FA6C928C3E9E500B693A7 /* DashboardVM.swift */,
			);
			path = ViewModel;
			sourceTree = "<group>";
		};
		FA6FA6CB28C3E9EA00B693A7 /* ViewModel */ = {
			isa = PBXGroup;
			children = (
				FA6FA6CC28C3E9F400B693A7 /* RegisterVM.swift */,
			);
			path = ViewModel;
			sourceTree = "<group>";
		};
		FA6FA6CE28C3E9F800B693A7 /* ViewModel */ = {
			isa = PBXGroup;
			children = (
				FA6FA6CF28C3EA0000B693A7 /* LoginVM.swift */,
			);
			path = ViewModel;
			sourceTree = "<group>";
		};
		FA6FA6D128C3EA0600B693A7 /* ViewModel */ = {
			isa = PBXGroup;
			children = (
				FA6FA6D228C3EA1300B693A7 /* SettingsVM.swift */,
			);
			path = ViewModel;
			sourceTree = "<group>";
		};
		FAA18DF828C3EE6D0065C70B /* ExtendedKIT */ = {
			isa = PBXGroup;
			children = (
				FAA18DF928C3EEB80065C70B /* LogoImageiew.swift */,
				FAA18DFB28C3F2F70065C70B /* CoenerButton.swift */,
				FA518AA128C540C600E46163 /* FormTF.swift */,
			);
			path = ExtendedKIT;
			sourceTree = "<group>";
		};
		FAA18DFD28C3F44E0065C70B /* SplashVM */ = {
			isa = PBXGroup;
			children = (
				FAA18DFE28C3F4620065C70B /* SplashVM.swift */,
			);
			path = SplashVM;
			sourceTree = "<group>";
		};
		FAA18E0028C3F6950065C70B /* ViewModel */ = {
			isa = PBXGroup;
			children = (
				FAA18E0128C3F6A40065C70B /* ViewModels.swift */,
			);
			path = ViewModel;
			sourceTree = "<group>";
		};
		FAA18E0328C3FDEB0065C70B /* Coordinator */ = {
			isa = PBXGroup;
			children = (
				FA518A9F28C53D4300E46163 /* SplashCoordinator.swift */,
			);
			path = Coordinator;
			sourceTree = "<group>";
		};
		FAA18E0628C4136F0065C70B /* Coordinator */ = {
			isa = PBXGroup;
			children = (
				FAA18E0728C4137D0065C70B /* LoginCoordinator.swift */,
			);
			path = Coordinator;
			sourceTree = "<group>";
		};
/* End PBXGroup section */

/* Begin PBXNativeTarget section */
		FA6FA68428C3CDED00B693A7 /* ConcurrentDownload */ = {
			isa = PBXNativeTarget;
			buildConfigurationList = FA6FA69928C3CDEF00B693A7 /* Build configuration list for PBXNativeTarget "ConcurrentDownload" */;
			buildPhases = (
				FA6FA68128C3CDED00B693A7 /* Sources */,
				FA6FA68228C3CDED00B693A7 /* Frameworks */,
				FA6FA68328C3CDED00B693A7 /* Resources */,
			);
			buildRules = (
			);
			dependencies = (
			);
			name = ConcurrentDownload;
			productName = ConcurrentDownload;
			productReference = FA6FA68528C3CDED00B693A7 /* ConcurrentDownload.app */;
			productType = "com.apple.product-type.application";
		};
/* End PBXNativeTarget section */

/* Begin PBXProject section */
		FA6FA67D28C3CDED00B693A7 /* Project object */ = {
			isa = PBXProject;
			attributes = {
				BuildIndependentTargetsInParallel = 1;
				LastSwiftUpdateCheck = 1340;
				LastUpgradeCheck = 1340;
				TargetAttributes = {
					FA6FA68428C3CDED00B693A7 = {
						CreatedOnToolsVersion = 13.4.1;
					};
				};
			};
			buildConfigurationList = FA6FA68028C3CDED00B693A7 /* Build configuration list for PBXProject "ConcurrentDownload" */;
			compatibilityVersion = "Xcode 13.0";
			developmentRegion = en;
			hasScannedForEncodings = 0;
			knownRegions = (
				en,
				Base,
			);
			mainGroup = FA6FA67C28C3CDED00B693A7;
			productRefGroup = FA6FA68628C3CDED00B693A7 /* Products */;
			projectDirPath = "";
			projectRoot = "";
			targets = (
				FA6FA68428C3CDED00B693A7 /* ConcurrentDownload */,
			);
		};
/* End PBXProject section */

/* Begin PBXResourcesBuildPhase section */
		FA6FA68328C3CDED00B693A7 /* Resources */ = {
			isa = PBXResourcesBuildPhase;
			buildActionMask = 2147483647;
			files = (
				FA6FA6B828C3E96F00B693A7 /* LoginViewController.xib in Resources */,
				FA6FA69528C3CDEF00B693A7 /* LaunchScreen.storyboard in Resources */,
				FA6FA6C628C3E99D00B693A7 /* ProfileViewController.xib in Resources */,
				FA518AAD28C548B500E46163 /* ForgotPasswordViewController.xib in Resources */,
				FA6FA6A428C3CF0A00B693A7 /* SplashViewController.xib in Resources */,
				FA6FA69228C3CDEF00B693A7 /* Assets.xcassets in Resources */,
				FA6FA6AE28C3E92C00B693A7 /* DashboardViewController.xib in Resources */,
				FA6FA6C128C3E98D00B693A7 /* SettingsViewController.xib in Resources */,
				FA6FA6BC28C3E97900B693A7 /* RegisterViewController.xib in Resources */,
			);
			runOnlyForDeploymentPostprocessing = 0;
		};
/* End PBXResourcesBuildPhase section */

/* Begin PBXSourcesBuildPhase section */
		FA6FA68128C3CDED00B693A7 /* Sources */ = {
			isa = PBXSourcesBuildPhase;
			buildActionMask = 2147483647;
			files = (
				FA6FA6B728C3E96F00B693A7 /* LoginViewController.swift in Sources */,
				FA518AA528C5476000E46163 /* DashboardCoordinator.swift in Sources */,
				FAA18DFA28C3EEB80065C70B /* LogoImageiew.swift in Sources */,
				FAA18E0828C4137D0065C70B /* LoginCoordinator.swift in Sources */,
				FA6FA6A828C3E69700B693A7 /* Coordinator.swift in Sources */,
				FA6FA6BB28C3E97900B693A7 /* RegisterViewController.swift in Sources */,
				FA518AA028C53D4300E46163 /* SplashCoordinator.swift in Sources */,
				FA6FA6A328C3CF0A00B693A7 /* SplashViewController.swift in Sources */,
				FAA18DFC28C3F2F70065C70B /* CoenerButton.swift in Sources */,
				FA6FA6AD28C3E92C00B693A7 /* DashboardViewController.swift in Sources */,
				FA6FA6CD28C3E9F400B693A7 /* RegisterVM.swift in Sources */,
				FA518AAC28C548B500E46163 /* ForgotPasswordViewController.swift in Sources */,
				FA6FA6CA28C3E9E500B693A7 /* DashboardVM.swift in Sources */,
				FA6FA68928C3CDED00B693A7 /* AppDelegate.swift in Sources */,
				FA6FA6D028C3EA0000B693A7 /* LoginVM.swift in Sources */,
				FA6FA6C528C3E99D00B693A7 /* ProfileViewController.swift in Sources */,
				FAA18E0228C3F6A40065C70B /* ViewModels.swift in Sources */,
				FA6FA68B28C3CDED00B693A7 /* SceneDelegate.swift in Sources */,
				FA518AAF28C548C500E46163 /* ForgotPasswordVM.swift in Sources */,
				FAA18E0528C3FE020065C70B /* MainCoordinator.swift in Sources */,
				FA6FA6D328C3EA1300B693A7 /* SettingsVM.swift in Sources */,
				FA518A9E28C537A300E46163 /* RegisterCoordinator.swift in Sources */,
				FAA18DFF28C3F4620065C70B /* SplashVM.swift in Sources */,
				FA518AB128C548D100E46163 /* ForgotPasswordCoordinator.swift in Sources */,
				FA6FA6D528C3EA1B00B693A7 /* ProfileVM.swift in Sources */,
				FA518AA228C540C600E46163 /* FormTF.swift in Sources */,
				FA6FA6C028C3E98D00B693A7 /* SettingsViewController.swift in Sources */,
			);
			runOnlyForDeploymentPostprocessing = 0;
		};
/* End PBXSourcesBuildPhase section */

/* Begin PBXVariantGroup section */
		FA6FA69328C3CDEF00B693A7 /* LaunchScreen.storyboard */ = {
			isa = PBXVariantGroup;
			children = (
				FA6FA69428C3CDEF00B693A7 /* Base */,
			);
			name = LaunchScreen.storyboard;
			sourceTree = "<group>";
		};
/* End PBXVariantGroup section */

/* Begin XCBuildConfiguration section */
		FA6FA69728C3CDEF00B693A7 /* Debug */ = {
			isa = XCBuildConfiguration;
			buildSettings = {
				ALWAYS_SEARCH_USER_PATHS = NO;
				CLANG_ANALYZER_NONNULL = YES;
				CLANG_ANALYZER_NUMBER_OBJECT_CONVERSION = YES_AGGRESSIVE;
				CLANG_CXX_LANGUAGE_STANDARD = "gnu++17";
				CLANG_ENABLE_MODULES = YES;
				CLANG_ENABLE_OBJC_ARC = YES;
				CLANG_ENABLE_OBJC_WEAK = YES;
				CLANG_WARN_BLOCK_CAPTURE_AUTORELEASING = YES;
				CLANG_WARN_BOOL_CONVERSION = YES;
				CLANG_WARN_COMMA = YES;
				CLANG_WARN_CONSTANT_CONVERSION = YES;
				CLANG_WARN_DEPRECATED_OBJC_IMPLEMENTATIONS = YES;
				CLANG_WARN_DIRECT_OBJC_ISA_USAGE = YES_ERROR;
				CLANG_WARN_DOCUMENTATION_COMMENTS = YES;
				CLANG_WARN_EMPTY_BODY = YES;
				CLANG_WARN_ENUM_CONVERSION = YES;
				CLANG_WARN_INFINITE_RECURSION = YES;
				CLANG_WARN_INT_CONVERSION = YES;
				CLANG_WARN_NON_LITERAL_NULL_CONVERSION = YES;
				CLANG_WARN_OBJC_IMPLICIT_RETAIN_SELF = YES;
				CLANG_WARN_OBJC_LITERAL_CONVERSION = YES;
				CLANG_WARN_OBJC_ROOT_CLASS = YES_ERROR;
				CLANG_WARN_QUOTED_INCLUDE_IN_FRAMEWORK_HEADER = YES;
				CLANG_WARN_RANGE_LOOP_ANALYSIS = YES;
				CLANG_WARN_STRICT_PROTOTYPES = YES;
				CLANG_WARN_SUSPICIOUS_MOVE = YES;
				CLANG_WARN_UNGUARDED_AVAILABILITY = YES_AGGRESSIVE;
				CLANG_WARN_UNREACHABLE_CODE = YES;
				CLANG_WARN__DUPLICATE_METHOD_MATCH = YES;
				COPY_PHASE_STRIP = NO;
				DEBUG_INFORMATION_FORMAT = dwarf;
				ENABLE_STRICT_OBJC_MSGSEND = YES;
				ENABLE_TESTABILITY = YES;
				GCC_C_LANGUAGE_STANDARD = gnu11;
				GCC_DYNAMIC_NO_PIC = NO;
				GCC_NO_COMMON_BLOCKS = YES;
				GCC_OPTIMIZATION_LEVEL = 0;
				GCC_PREPROCESSOR_DEFINITIONS = (
					"DEBUG=1",
					"$(inherited)",
				);
				GCC_WARN_64_TO_32_BIT_CONVERSION = YES;
				GCC_WARN_ABOUT_RETURN_TYPE = YES_ERROR;
				GCC_WARN_UNDECLARED_SELECTOR = YES;
				GCC_WARN_UNINITIALIZED_AUTOS = YES_AGGRESSIVE;
				GCC_WARN_UNUSED_FUNCTION = YES;
				GCC_WARN_UNUSED_VARIABLE = YES;
				IPHONEOS_DEPLOYMENT_TARGET = 15.5;
				MTL_ENABLE_DEBUG_INFO = INCLUDE_SOURCE;
				MTL_FAST_MATH = YES;
				ONLY_ACTIVE_ARCH = YES;
				SDKROOT = iphoneos;
				SWIFT_ACTIVE_COMPILATION_CONDITIONS = DEBUG;
				SWIFT_OPTIMIZATION_LEVEL = "-Onone";
			};
			name = Debug;
		};
		FA6FA69828C3CDEF00B693A7 /* Release */ = {
			isa = XCBuildConfiguration;
			buildSettings = {
				ALWAYS_SEARCH_USER_PATHS = NO;
				CLANG_ANALYZER_NONNULL = YES;
				CLANG_ANALYZER_NUMBER_OBJECT_CONVERSION = YES_AGGRESSIVE;
				CLANG_CXX_LANGUAGE_STANDARD = "gnu++17";
				CLANG_ENABLE_MODULES = YES;
				CLANG_ENABLE_OBJC_ARC = YES;
				CLANG_ENABLE_OBJC_WEAK = YES;
				CLANG_WARN_BLOCK_CAPTURE_AUTORELEASING = YES;
				CLANG_WARN_BOOL_CONVERSION = YES;
				CLANG_WARN_COMMA = YES;
				CLANG_WARN_CONSTANT_CONVERSION = YES;
				CLANG_WARN_DEPRECATED_OBJC_IMPLEMENTATIONS = YES;
				CLANG_WARN_DIRECT_OBJC_ISA_USAGE = YES_ERROR;
				CLANG_WARN_DOCUMENTATION_COMMENTS = YES;
				CLANG_WARN_EMPTY_BODY = YES;
				CLANG_WARN_ENUM_CONVERSION = YES;
				CLANG_WARN_INFINITE_RECURSION = YES;
				CLANG_WARN_INT_CONVERSION = YES;
				CLANG_WARN_NON_LITERAL_NULL_CONVERSION = YES;
				CLANG_WARN_OBJC_IMPLICIT_RETAIN_SELF = YES;
				CLANG_WARN_OBJC_LITERAL_CONVERSION = YES;
				CLANG_WARN_OBJC_ROOT_CLASS = YES_ERROR;
				CLANG_WARN_QUOTED_INCLUDE_IN_FRAMEWORK_HEADER = YES;
				CLANG_WARN_RANGE_LOOP_ANALYSIS = YES;
				CLANG_WARN_STRICT_PROTOTYPES = YES;
				CLANG_WARN_SUSPICIOUS_MOVE = YES;
				CLANG_WARN_UNGUARDED_AVAILABILITY = YES_AGGRESSIVE;
				CLANG_WARN_UNREACHABLE_CODE = YES;
				CLANG_WARN__DUPLICATE_METHOD_MATCH = YES;
				COPY_PHASE_STRIP = NO;
				DEBUG_INFORMATION_FORMAT = "dwarf-with-dsym";
				ENABLE_NS_ASSERTIONS = NO;
				ENABLE_STRICT_OBJC_MSGSEND = YES;
				GCC_C_LANGUAGE_STANDARD = gnu11;
				GCC_NO_COMMON_BLOCKS = YES;
				GCC_WARN_64_TO_32_BIT_CONVERSION = YES;
				GCC_WARN_ABOUT_RETURN_TYPE = YES_ERROR;
				GCC_WARN_UNDECLARED_SELECTOR = YES;
				GCC_WARN_UNINITIALIZED_AUTOS = YES_AGGRESSIVE;
				GCC_WARN_UNUSED_FUNCTION = YES;
				GCC_WARN_UNUSED_VARIABLE = YES;
				IPHONEOS_DEPLOYMENT_TARGET = 15.5;
				MTL_ENABLE_DEBUG_INFO = NO;
				MTL_FAST_MATH = YES;
				SDKROOT = iphoneos;
				SWIFT_COMPILATION_MODE = wholemodule;
				SWIFT_OPTIMIZATION_LEVEL = "-O";
				VALIDATE_PRODUCT = YES;
			};
			name = Release;
		};
		FA6FA69A28C3CDEF00B693A7 /* Debug */ = {
			isa = XCBuildConfiguration;
			buildSettings = {
				ASSETCATALOG_COMPILER_APPICON_NAME = AppIcon;
				ASSETCATALOG_COMPILER_GLOBAL_ACCENT_COLOR_NAME = AccentColor;
				CODE_SIGN_STYLE = Automatic;
				CURRENT_PROJECT_VERSION = 1;
				GENERATE_INFOPLIST_FILE = YES;
				INFOPLIST_FILE = ConcurrentDownload/Info.plist;
				INFOPLIST_KEY_UIApplicationSupportsIndirectInputEvents = YES;
				INFOPLIST_KEY_UILaunchStoryboardName = LaunchScreen;
				INFOPLIST_KEY_UISupportedInterfaceOrientations_iPad = "UIInterfaceOrientationPortrait UIInterfaceOrientationPortraitUpsideDown UIInterfaceOrientationLandscapeLeft UIInterfaceOrientationLandscapeRight";
				INFOPLIST_KEY_UISupportedInterfaceOrientations_iPhone = "UIInterfaceOrientationPortrait UIInterfaceOrientationLandscapeLeft UIInterfaceOrientationLandscapeRight";
				IPHONEOS_DEPLOYMENT_TARGET = 13.0;
				LD_RUNPATH_SEARCH_PATHS = (
					"$(inherited)",
					"@executable_path/Frameworks",
				);
				MARKETING_VERSION = 1.0;
				PRODUCT_BUNDLE_IDENTIFIER = "-Ciper.ConcurrentDownload";
				PRODUCT_NAME = "$(TARGET_NAME)";
				SWIFT_EMIT_LOC_STRINGS = YES;
				SWIFT_VERSION = 5.0;
				TARGETED_DEVICE_FAMILY = "1,2";
			};
			name = Debug;
		};
		FA6FA69B28C3CDEF00B693A7 /* Release */ = {
			isa = XCBuildConfiguration;
			buildSettings = {
				ASSETCATALOG_COMPILER_APPICON_NAME = AppIcon;
				ASSETCATALOG_COMPILER_GLOBAL_ACCENT_COLOR_NAME = AccentColor;
				CODE_SIGN_STYLE = Automatic;
				CURRENT_PROJECT_VERSION = 1;
				GENERATE_INFOPLIST_FILE = YES;
				INFOPLIST_FILE = ConcurrentDownload/Info.plist;
				INFOPLIST_KEY_UIApplicationSupportsIndirectInputEvents = YES;
				INFOPLIST_KEY_UILaunchStoryboardName = LaunchScreen;
				INFOPLIST_KEY_UISupportedInterfaceOrientations_iPad = "UIInterfaceOrientationPortrait UIInterfaceOrientationPortraitUpsideDown UIInterfaceOrientationLandscapeLeft UIInterfaceOrientationLandscapeRight";
				INFOPLIST_KEY_UISupportedInterfaceOrientations_iPhone = "UIInterfaceOrientationPortrait UIInterfaceOrientationLandscapeLeft UIInterfaceOrientationLandscapeRight";
				IPHONEOS_DEPLOYMENT_TARGET = 13.0;
				LD_RUNPATH_SEARCH_PATHS = (
					"$(inherited)",
					"@executable_path/Frameworks",
				);
				MARKETING_VERSION = 1.0;
				PRODUCT_BUNDLE_IDENTIFIER = "-Ciper.ConcurrentDownload";
				PRODUCT_NAME = "$(TARGET_NAME)";
				SWIFT_EMIT_LOC_STRINGS = YES;
				SWIFT_VERSION = 5.0;
				TARGETED_DEVICE_FAMILY = "1,2";
			};
			name = Release;
		};
/* End XCBuildConfiguration section */

/* Begin XCConfigurationList section */
		FA6FA68028C3CDED00B693A7 /* Build configuration list for PBXProject "ConcurrentDownload" */ = {
			isa = XCConfigurationList;
			buildConfigurations = (
				FA6FA69728C3CDEF00B693A7 /* Debug */,
				FA6FA69828C3CDEF00B693A7 /* Release */,
			);
			defaultConfigurationIsVisible = 0;
			defaultConfigurationName = Release;
		};
		FA6FA69928C3CDEF00B693A7 /* Build configuration list for PBXNativeTarget "ConcurrentDownload" */ = {
			isa = XCConfigurationList;
			buildConfigurations = (
				FA6FA69A28C3CDEF00B693A7 /* Debug */,
				FA6FA69B28C3CDEF00B693A7 /* Release */,
			);
			defaultConfigurationIsVisible = 0;
			defaultConfigurationName = Release;
		};
/* End XCConfigurationList section */
	};
	rootObject = FA6FA67D28C3CDED00B693A7 /* Project object */;
}
